// !$*UTF8*$!
{
	archiveVersion = 1;
	classes = {
	};
	objectVersion = 56;
	objects = {

/* Begin PBXBuildFile section */
		52065A9E2A0BD306007E209A /* GameTableViewCell.swift in Sources */ = {isa = PBXBuildFile; fileRef = 52065A9C2A0BD306007E209A /* GameTableViewCell.swift */; };
		52065A9F2A0BD306007E209A /* GameTableViewCell.xib in Resources */ = {isa = PBXBuildFile; fileRef = 52065A9D2A0BD306007E209A /* GameTableViewCell.xib */; };
		5270AC472A102D1300ACB04E /* SelectedViewController.swift in Sources */ = {isa = PBXBuildFile; fileRef = 5270AC462A102D1300ACB04E /* SelectedViewController.swift */; };
		527C48B92A09500700797511 /* AppDelegate.swift in Sources */ = {isa = PBXBuildFile; fileRef = 527C48B82A09500700797511 /* AppDelegate.swift */; };
		527C48C22A09500900797511 /* Assets.xcassets in Resources */ = {isa = PBXBuildFile; fileRef = 527C48C12A09500900797511 /* Assets.xcassets */; };
		527C48C52A09500900797511 /* LaunchScreen.storyboard in Resources */ = {isa = PBXBuildFile; fileRef = 527C48C32A09500900797511 /* LaunchScreen.storyboard */; };
		5293D2152A098CB1008DA02C /* MainViewController.swift in Sources */ = {isa = PBXBuildFile; fileRef = 5293D2142A098CB1008DA02C /* MainViewController.swift */; };
		5293D2182A098DFC008DA02C /* SnapKit in Frameworks */ = {isa = PBXBuildFile; productRef = 5293D2172A098DFC008DA02C /* SnapKit */; };
		5293D21A2A0995CB008DA02C /* NewGameViewController.swift in Sources */ = {isa = PBXBuildFile; fileRef = 5293D2192A0995CB008DA02C /* NewGameViewController.swift */; };
		52CE34CA2A18FE9500EFE42E /* Games.swift in Sources */ = {isa = PBXBuildFile; fileRef = 52CE34C92A18FE9500EFE42E /* Games.swift */; };
		52CE34CD2A1906F600EFE42E /* MainTableViewModel.swift in Sources */ = {isa = PBXBuildFile; fileRef = 52CE34CC2A1906F600EFE42E /* MainTableViewModel.swift */; };
		52F146D72A0D1DAA009567C0 /* MainVC + TableViewExtension.swift in Sources */ = {isa = PBXBuildFile; fileRef = 52F146D62A0D1DAA009567C0 /* MainVC + TableViewExtension.swift */; };
		52F146D92A0D301C009567C0 /* UserViewController.swift in Sources */ = {isa = PBXBuildFile; fileRef = 52F146D82A0D301C009567C0 /* UserViewController.swift */; };
		52F146DD2A0D47DF009567C0 /* ColorCollectionViewCell.swift in Sources */ = {isa = PBXBuildFile; fileRef = 52F146DC2A0D47DF009567C0 /* ColorCollectionViewCell.swift */; };
/* End PBXBuildFile section */

/* Begin PBXFileReference section */
		52065A9C2A0BD306007E209A /* GameTableViewCell.swift */ = {isa = PBXFileReference; lastKnownFileType = sourcecode.swift; path = GameTableViewCell.swift; sourceTree = "<group>"; };
		52065A9D2A0BD306007E209A /* GameTableViewCell.xib */ = {isa = PBXFileReference; lastKnownFileType = file.xib; path = GameTableViewCell.xib; sourceTree = "<group>"; };
		5270AC462A102D1300ACB04E /* SelectedViewController.swift */ = {isa = PBXFileReference; lastKnownFileType = sourcecode.swift; path = SelectedViewController.swift; sourceTree = "<group>"; };
		527C48B52A09500700797511 /* ScoreSphere.app */ = {isa = PBXFileReference; explicitFileType = wrapper.application; includeInIndex = 0; path = ScoreSphere.app; sourceTree = BUILT_PRODUCTS_DIR; };
		527C48B82A09500700797511 /* AppDelegate.swift */ = {isa = PBXFileReference; lastKnownFileType = sourcecode.swift; path = AppDelegate.swift; sourceTree = "<group>"; };
		527C48C12A09500900797511 /* Assets.xcassets */ = {isa = PBXFileReference; lastKnownFileType = folder.assetcatalog; path = Assets.xcassets; sourceTree = "<group>"; };
		527C48C42A09500900797511 /* Base */ = {isa = PBXFileReference; lastKnownFileType = file.storyboard; name = Base; path = Base.lproj/LaunchScreen.storyboard; sourceTree = "<group>"; };
		527C48C62A09500900797511 /* Info.plist */ = {isa = PBXFileReference; lastKnownFileType = text.plist.xml; path = Info.plist; sourceTree = "<group>"; };
		5293D2142A098CB1008DA02C /* MainViewController.swift */ = {isa = PBXFileReference; lastKnownFileType = sourcecode.swift; path = MainViewController.swift; sourceTree = "<group>"; };
		5293D2192A0995CB008DA02C /* NewGameViewController.swift */ = {isa = PBXFileReference; lastKnownFileType = sourcecode.swift; path = NewGameViewController.swift; sourceTree = "<group>"; };
		52CE34C92A18FE9500EFE42E /* Games.swift */ = {isa = PBXFileReference; lastKnownFileType = sourcecode.swift; path = Games.swift; sourceTree = "<group>"; };
		52CE34CC2A1906F600EFE42E /* MainTableViewModel.swift */ = {isa = PBXFileReference; lastKnownFileType = sourcecode.swift; path = MainTableViewModel.swift; sourceTree = "<group>"; };
		52F146D62A0D1DAA009567C0 /* MainVC + TableViewExtension.swift */ = {isa = PBXFileReference; lastKnownFileType = sourcecode.swift; path = "MainVC + TableViewExtension.swift"; sourceTree = "<group>"; };
		52F146D82A0D301C009567C0 /* UserViewController.swift */ = {isa = PBXFileReference; lastKnownFileType = sourcecode.swift; path = UserViewController.swift; sourceTree = "<group>"; };
		52F146DC2A0D47DF009567C0 /* ColorCollectionViewCell.swift */ = {isa = PBXFileReference; lastKnownFileType = sourcecode.swift; path = ColorCollectionViewCell.swift; sourceTree = "<group>"; };
/* End PBXFileReference section */

/* Begin PBXFrameworksBuildPhase section */
		527C48B22A09500700797511 /* Frameworks */ = {
			isa = PBXFrameworksBuildPhase;
			buildActionMask = 2147483647;
			files = (
				5293D2182A098DFC008DA02C /* SnapKit in Frameworks */,
			);
			runOnlyForDeploymentPostprocessing = 0;
		};
/* End PBXFrameworksBuildPhase section */

/* Begin PBXGroup section */
		52065A9B2A0BD2F6007E209A /* GameCell */ = {
			isa = PBXGroup;
			children = (
				52065A9C2A0BD306007E209A /* GameTableViewCell.swift */,
				52065A9D2A0BD306007E209A /* GameTableViewCell.xib */,
			);
			path = GameCell;
			sourceTree = "<group>";
		};
		5219B1FE2A0AA31600823EC9 /* MainVC */ = {
			isa = PBXGroup;
			children = (
				5293D2142A098CB1008DA02C /* MainViewController.swift */,
				52F146D62A0D1DAA009567C0 /* MainVC + TableViewExtension.swift */,
			);
			path = MainVC;
			sourceTree = "<group>";
		};
		5219B1FF2A0AA32600823EC9 /* NewGameVC */ = {
			isa = PBXGroup;
			children = (
				5293D2192A0995CB008DA02C /* NewGameViewController.swift */,
			);
			path = NewGameVC;
			sourceTree = "<group>";
		};
		5219B2002A0AA35400823EC9 /* Resources */ = {
			isa = PBXGroup;
			children = (
				527C48C62A09500900797511 /* Info.plist */,
				527C48C12A09500900797511 /* Assets.xcassets */,
			);
			path = Resources;
			sourceTree = "<group>";
		};
		5219B2022A0AA38A00823EC9 /* Controllers */ = {
			isa = PBXGroup;
			children = (
				5270AC492A10315600ACB04E /* SelectedVC */,
				5270AC482A10314900ACB04E /* UserVC */,
				5219B1FF2A0AA32600823EC9 /* NewGameVC */,
				5219B1FE2A0AA31600823EC9 /* MainVC */,
			);
			path = Controllers;
			sourceTree = "<group>";
		};
		5270AC482A10314900ACB04E /* UserVC */ = {
			isa = PBXGroup;
			children = (
				52F146D82A0D301C009567C0 /* UserViewController.swift */,
			);
			path = UserVC;
			sourceTree = "<group>";
		};
		5270AC492A10315600ACB04E /* SelectedVC */ = {
			isa = PBXGroup;
			children = (
				5270AC462A102D1300ACB04E /* SelectedViewController.swift */,
			);
			path = SelectedVC;
			sourceTree = "<group>";
		};
		527C48AC2A09500700797511 = {
			isa = PBXGroup;
			children = (
				527C48B72A09500700797511 /* ScoreSphere */,
				527C48B62A09500700797511 /* Products */,
			);
			sourceTree = "<group>";
		};
		527C48B62A09500700797511 /* Products */ = {
			isa = PBXGroup;
			children = (
				527C48B52A09500700797511 /* ScoreSphere.app */,
			);
			name = Products;
			sourceTree = "<group>";
		};
		527C48B72A09500700797511 /* ScoreSphere */ = {
			isa = PBXGroup;
			children = (
				52CE34CB2A1906E800EFE42E /* ViewModel */,
				52CE34C82A18FE8800EFE42E /* Models */,
				52065A9B2A0BD2F6007E209A /* GameCell */,
				5219B2022A0AA38A00823EC9 /* Controllers */,
				5219B2002A0AA35400823EC9 /* Resources */,
				527C48B82A09500700797511 /* AppDelegate.swift */,
				527C48C32A09500900797511 /* LaunchScreen.storyboard */,
				52F146DC2A0D47DF009567C0 /* ColorCollectionViewCell.swift */,
			);
			path = ScoreSphere;
			sourceTree = "<group>";
		};
		52CE34C82A18FE8800EFE42E /* Models */ = {
			isa = PBXGroup;
			children = (
				52CE34C92A18FE9500EFE42E /* Games.swift */,
			);
			path = Models;
			sourceTree = "<group>";
		};
		52CE34CB2A1906E800EFE42E /* ViewModel */ = {
			isa = PBXGroup;
			children = (
				52CE34CC2A1906F600EFE42E /* MainTableViewModel.swift */,
			);
			path = ViewModel;
			sourceTree = "<group>";
		};
/* End PBXGroup section */

/* Begin PBXNativeTarget section */
		527C48B42A09500700797511 /* ScoreSphere */ = {
			isa = PBXNativeTarget;
			buildConfigurationList = 527C48C92A09500900797511 /* Build configuration list for PBXNativeTarget "ScoreSphere" */;
			buildPhases = (
				527C48B12A09500700797511 /* Sources */,
				527C48B22A09500700797511 /* Frameworks */,
				527C48B32A09500700797511 /* Resources */,
			);
			buildRules = (
			);
			dependencies = (
			);
			name = ScoreSphere;
			packageProductDependencies = (
				5293D2172A098DFC008DA02C /* SnapKit */,
			);
			productName = ScoreSphere;
			productReference = 527C48B52A09500700797511 /* ScoreSphere.app */;
			productType = "com.apple.product-type.application";
		};
/* End PBXNativeTarget section */

/* Begin PBXProject section */
		527C48AD2A09500700797511 /* Project object */ = {
			isa = PBXProject;
			attributes = {
				BuildIndependentTargetsInParallel = 1;
				LastSwiftUpdateCheck = 1430;
				LastUpgradeCheck = 1430;
				TargetAttributes = {
					527C48B42A09500700797511 = {
						CreatedOnToolsVersion = 14.3;
					};
				};
			};
			buildConfigurationList = 527C48B02A09500700797511 /* Build configuration list for PBXProject "ScoreSphere" */;
			compatibilityVersion = "Xcode 14.0";
			developmentRegion = en;
			hasScannedForEncodings = 0;
			knownRegions = (
				en,
				Base,
			);
			mainGroup = 527C48AC2A09500700797511;
			packageReferences = (
				5293D2162A098DFC008DA02C /* XCRemoteSwiftPackageReference "SnapKit" */,
			);
			productRefGroup = 527C48B62A09500700797511 /* Products */;
			projectDirPath = "";
			projectRoot = "";
			targets = (
				527C48B42A09500700797511 /* ScoreSphere */,
			);
		};
/* End PBXProject section */

/* Begin PBXResourcesBuildPhase section */
		527C48B32A09500700797511 /* Resources */ = {
			isa = PBXResourcesBuildPhase;
			buildActionMask = 2147483647;
			files = (
				527C48C52A09500900797511 /* LaunchScreen.storyboard in Resources */,
				527C48C22A09500900797511 /* Assets.xcassets in Resources */,
				52065A9F2A0BD306007E209A /* GameTableViewCell.xib in Resources */,
			);
			runOnlyForDeploymentPostprocessing = 0;
		};
/* End PBXResourcesBuildPhase section */

/* Begin PBXSourcesBuildPhase section */
		527C48B12A09500700797511 /* Sources */ = {
			isa = PBXSourcesBuildPhase;
			buildActionMask = 2147483647;
			files = (
				5293D21A2A0995CB008DA02C /* NewGameViewController.swift in Sources */,
				52CE34CA2A18FE9500EFE42E /* Games.swift in Sources */,
				52CE34CD2A1906F600EFE42E /* MainTableViewModel.swift in Sources */,
				52F146DD2A0D47DF009567C0 /* ColorCollectionViewCell.swift in Sources */,
				52F146D92A0D301C009567C0 /* UserViewController.swift in Sources */,
				527C48B92A09500700797511 /* AppDelegate.swift in Sources */,
				5293D2152A098CB1008DA02C /* MainViewController.swift in Sources */,
				52F146D72A0D1DAA009567C0 /* MainVC + TableViewExtension.swift in Sources */,
				5270AC472A102D1300ACB04E /* SelectedViewController.swift in Sources */,
				52065A9E2A0BD306007E209A /* GameTableViewCell.swift in Sources */,
			);
			runOnlyForDeploymentPostprocessing = 0;
		};
/* End PBXSourcesBuildPhase section */

/* Begin PBXVariantGroup section */
		527C48C32A09500900797511 /* LaunchScreen.storyboard */ = {
			isa = PBXVariantGroup;
			children = (
				527C48C42A09500900797511 /* Base */,
			);
			name = LaunchScreen.storyboard;
			sourceTree = "<group>";
		};
/* End PBXVariantGroup section */

/* Begin XCBuildConfiguration section */
		527C48C72A09500900797511 /* Debug */ = {
			isa = XCBuildConfiguration;
			buildSettings = {
				ALWAYS_SEARCH_USER_PATHS = NO;
				CLANG_ANALYZER_NONNULL = YES;
				CLANG_ANALYZER_NUMBER_OBJECT_CONVERSION = YES_AGGRESSIVE;
				CLANG_CXX_LANGUAGE_STANDARD = "gnu++20";
				CLANG_ENABLE_MODULES = YES;
				CLANG_ENABLE_OBJC_ARC = YES;
				CLANG_ENABLE_OBJC_WEAK = YES;
				CLANG_WARN_BLOCK_CAPTURE_AUTORELEASING = YES;
				CLANG_WARN_BOOL_CONVERSION = YES;
				CLANG_WARN_COMMA = YES;
				CLANG_WARN_CONSTANT_CONVERSION = YES;
				CLANG_WARN_DEPRECATED_OBJC_IMPLEMENTATIONS = YES;
				CLANG_WARN_DIRECT_OBJC_ISA_USAGE = YES_ERROR;
				CLANG_WARN_DOCUMENTATION_COMMENTS = YES;
				CLANG_WARN_EMPTY_BODY = YES;
				CLANG_WARN_ENUM_CONVERSION = YES;
				CLANG_WARN_INFINITE_RECURSION = YES;
				CLANG_WARN_INT_CONVERSION = YES;
				CLANG_WARN_NON_LITERAL_NULL_CONVERSION = YES;
				CLANG_WARN_OBJC_IMPLICIT_RETAIN_SELF = YES;
				CLANG_WARN_OBJC_LITERAL_CONVERSION = YES;
				CLANG_WARN_OBJC_ROOT_CLASS = YES_ERROR;
				CLANG_WARN_QUOTED_INCLUDE_IN_FRAMEWORK_HEADER = YES;
				CLANG_WARN_RANGE_LOOP_ANALYSIS = YES;
				CLANG_WARN_STRICT_PROTOTYPES = YES;
				CLANG_WARN_SUSPICIOUS_MOVE = YES;
				CLANG_WARN_UNGUARDED_AVAILABILITY = YES_AGGRESSIVE;
				CLANG_WARN_UNREACHABLE_CODE = YES;
				CLANG_WARN__DUPLICATE_METHOD_MATCH = YES;
				COPY_PHASE_STRIP = NO;
				DEBUG_INFORMATION_FORMAT = dwarf;
				ENABLE_STRICT_OBJC_MSGSEND = YES;
				ENABLE_TESTABILITY = YES;
				GCC_C_LANGUAGE_STANDARD = gnu11;
				GCC_DYNAMIC_NO_PIC = NO;
				GCC_NO_COMMON_BLOCKS = YES;
				GCC_OPTIMIZATION_LEVEL = 0;
				GCC_PREPROCESSOR_DEFINITIONS = (
					"DEBUG=1",
					"$(inherited)",
				);
				GCC_WARN_64_TO_32_BIT_CONVERSION = YES;
				GCC_WARN_ABOUT_RETURN_TYPE = YES_ERROR;
				GCC_WARN_UNDECLARED_SELECTOR = YES;
				GCC_WARN_UNINITIALIZED_AUTOS = YES_AGGRESSIVE;
				GCC_WARN_UNUSED_FUNCTION = YES;
				GCC_WARN_UNUSED_VARIABLE = YES;
				IPHONEOS_DEPLOYMENT_TARGET = 16.4;
				MTL_ENABLE_DEBUG_INFO = INCLUDE_SOURCE;
				MTL_FAST_MATH = YES;
				ONLY_ACTIVE_ARCH = YES;
				SDKROOT = iphoneos;
				SWIFT_ACTIVE_COMPILATION_CONDITIONS = DEBUG;
				SWIFT_OPTIMIZATION_LEVEL = "-Onone";
			};
			name = Debug;
		};
		527C48C82A09500900797511 /* Release */ = {
			isa = XCBuildConfiguration;
			buildSettings = {
				ALWAYS_SEARCH_USER_PATHS = NO;
				CLANG_ANALYZER_NONNULL = YES;
				CLANG_ANALYZER_NUMBER_OBJECT_CONVERSION = YES_AGGRESSIVE;
				CLANG_CXX_LANGUAGE_STANDARD = "gnu++20";
				CLANG_ENABLE_MODULES = YES;
				CLANG_ENABLE_OBJC_ARC = YES;
				CLANG_ENABLE_OBJC_WEAK = YES;
				CLANG_WARN_BLOCK_CAPTURE_AUTORELEASING = YES;
				CLANG_WARN_BOOL_CONVERSION = YES;
				CLANG_WARN_COMMA = YES;
				CLANG_WARN_CONSTANT_CONVERSION = YES;
				CLANG_WARN_DEPRECATED_OBJC_IMPLEMENTATIONS = YES;
				CLANG_WARN_DIRECT_OBJC_ISA_USAGE = YES_ERROR;
				CLANG_WARN_DOCUMENTATION_COMMENTS = YES;
				CLANG_WARN_EMPTY_BODY = YES;
				CLANG_WARN_ENUM_CONVERSION = YES;
				CLANG_WARN_INFINITE_RECURSION = YES;
				CLANG_WARN_INT_CONVERSION = YES;
				CLANG_WARN_NON_LITERAL_NULL_CONVERSION = YES;
				CLANG_WARN_OBJC_IMPLICIT_RETAIN_SELF = YES;
				CLANG_WARN_OBJC_LITERAL_CONVERSION = YES;
				CLANG_WARN_OBJC_ROOT_CLASS = YES_ERROR;
				CLANG_WARN_QUOTED_INCLUDE_IN_FRAMEWORK_HEADER = YES;
				CLANG_WARN_RANGE_LOOP_ANALYSIS = YES;
				CLANG_WARN_STRICT_PROTOTYPES = YES;
				CLANG_WARN_SUSPICIOUS_MOVE = YES;
				CLANG_WARN_UNGUARDED_AVAILABILITY = YES_AGGRESSIVE;
				CLANG_WARN_UNREACHABLE_CODE = YES;
				CLANG_WARN__DUPLICATE_METHOD_MATCH = YES;
				COPY_PHASE_STRIP = NO;
				DEBUG_INFORMATION_FORMAT = "dwarf-with-dsym";
				ENABLE_NS_ASSERTIONS = NO;
				ENABLE_STRICT_OBJC_MSGSEND = YES;
				GCC_C_LANGUAGE_STANDARD = gnu11;
				GCC_NO_COMMON_BLOCKS = YES;
				GCC_WARN_64_TO_32_BIT_CONVERSION = YES;
				GCC_WARN_ABOUT_RETURN_TYPE = YES_ERROR;
				GCC_WARN_UNDECLARED_SELECTOR = YES;
				GCC_WARN_UNINITIALIZED_AUTOS = YES_AGGRESSIVE;
				GCC_WARN_UNUSED_FUNCTION = YES;
				GCC_WARN_UNUSED_VARIABLE = YES;
				IPHONEOS_DEPLOYMENT_TARGET = 16.4;
				MTL_ENABLE_DEBUG_INFO = NO;
				MTL_FAST_MATH = YES;
				SDKROOT = iphoneos;
				SWIFT_COMPILATION_MODE = wholemodule;
				SWIFT_OPTIMIZATION_LEVEL = "-O";
				VALIDATE_PRODUCT = YES;
			};
			name = Release;
		};
		527C48CA2A09500900797511 /* Debug */ = {
			isa = XCBuildConfiguration;
			buildSettings = {
				ASSETCATALOG_COMPILER_APPICON_NAME = AppIcon;
				ASSETCATALOG_COMPILER_GLOBAL_ACCENT_COLOR_NAME = AccentColor;
				CODE_SIGN_STYLE = Automatic;
				CURRENT_PROJECT_VERSION = 1;
				DEVELOPMENT_TEAM = M84T2Z2B4Q;
				GENERATE_INFOPLIST_FILE = YES;
				INFOPLIST_FILE = ScoreSphere/Resources/Info.plist;
				INFOPLIST_KEY_UIApplicationSupportsIndirectInputEvents = YES;
				INFOPLIST_KEY_UILaunchStoryboardName = LaunchScreen;
				INFOPLIST_KEY_UIMainStoryboardFile = "";
				INFOPLIST_KEY_UISupportedInterfaceOrientations_iPad = "UIInterfaceOrientationPortrait UIInterfaceOrientationPortraitUpsideDown UIInterfaceOrientationLandscapeLeft UIInterfaceOrientationLandscapeRight";
				INFOPLIST_KEY_UISupportedInterfaceOrientations_iPhone = "UIInterfaceOrientationPortrait UIInterfaceOrientationLandscapeLeft UIInterfaceOrientationLandscapeRight";
				LD_RUNPATH_SEARCH_PATHS = (
					"$(inherited)",
					"@executable_path/Frameworks",
				);
				MARKETING_VERSION = 1.0;
				PRODUCT_BUNDLE_IDENTIFIER = com.omernayir.ScoreSphere;
				PRODUCT_NAME = "$(TARGET_NAME)";
				SWIFT_EMIT_LOC_STRINGS = YES;
				SWIFT_VERSION = 5.0;
				TARGETED_DEVICE_FAMILY = "1,2";
			};
			name = Debug;
		};
		527C48CB2A09500900797511 /* Release */ = {
			isa = XCBuildConfiguration;
			buildSettings = {
				ASSETCATALOG_COMPILER_APPICON_NAME = AppIcon;
				ASSETCATALOG_COMPILER_GLOBAL_ACCENT_COLOR_NAME = AccentColor;
				CODE_SIGN_STYLE = Automatic;
				CURRENT_PROJECT_VERSION = 1;
				DEVELOPMENT_TEAM = M84T2Z2B4Q;
				GENERATE_INFOPLIST_FILE = YES;
				INFOPLIST_FILE = ScoreSphere/Resources/Info.plist;
				INFOPLIST_KEY_UIApplicationSupportsIndirectInputEvents = YES;
				INFOPLIST_KEY_UILaunchStoryboardName = LaunchScreen;
				INFOPLIST_KEY_UIMainStoryboardFile = "";
				INFOPLIST_KEY_UISupportedInterfaceOrientations_iPad = "UIInterfaceOrientationPortrait UIInterfaceOrientationPortraitUpsideDown UIInterfaceOrientationLandscapeLeft UIInterfaceOrientationLandscapeRight";
				INFOPLIST_KEY_UISupportedInterfaceOrientations_iPhone = "UIInterfaceOrientationPortrait UIInterfaceOrientationLandscapeLeft UIInterfaceOrientationLandscapeRight";
				LD_RUNPATH_SEARCH_PATHS = (
					"$(inherited)",
					"@executable_path/Frameworks",
				);
				MARKETING_VERSION = 1.0;
				PRODUCT_BUNDLE_IDENTIFIER = com.omernayir.ScoreSphere;
				PRODUCT_NAME = "$(TARGET_NAME)";
				SWIFT_EMIT_LOC_STRINGS = YES;
				SWIFT_VERSION = 5.0;
				TARGETED_DEVICE_FAMILY = "1,2";
			};
			name = Release;
		};
/* End XCBuildConfiguration section */

/* Begin XCConfigurationList section */
		527C48B02A09500700797511 /* Build configuration list for PBXProject "ScoreSphere" */ = {
			isa = XCConfigurationList;
			buildConfigurations = (
				527C48C72A09500900797511 /* Debug */,
				527C48C82A09500900797511 /* Release */,
			);
			defaultConfigurationIsVisible = 0;
			defaultConfigurationName = Release;
		};
		527C48C92A09500900797511 /* Build configuration list for PBXNativeTarget "ScoreSphere" */ = {
			isa = XCConfigurationList;
			buildConfigurations = (
				527C48CA2A09500900797511 /* Debug */,
				527C48CB2A09500900797511 /* Release */,
			);
			defaultConfigurationIsVisible = 0;
			defaultConfigurationName = Release;
		};
/* End XCConfigurationList section */

/* Begin XCRemoteSwiftPackageReference section */
		5293D2162A098DFC008DA02C /* XCRemoteSwiftPackageReference "SnapKit" */ = {
			isa = XCRemoteSwiftPackageReference;
			repositoryURL = "https://github.com/SnapKit/SnapKit.git";
			requirement = {
				kind = upToNextMajorVersion;
				minimumVersion = 5.0.0;
			};
		};
/* End XCRemoteSwiftPackageReference section */

/* Begin XCSwiftPackageProductDependency section */
		5293D2172A098DFC008DA02C /* SnapKit */ = {
			isa = XCSwiftPackageProductDependency;
			package = 5293D2162A098DFC008DA02C /* XCRemoteSwiftPackageReference "SnapKit" */;
			productName = SnapKit;
		};
/* End XCSwiftPackageProductDependency section */
	};
	rootObject = 527C48AD2A09500700797511 /* Project object */;
}
